{
  "version": 4,
  "terraform_version": "1.12.2",
  "serial": 1,
  "lineage": "cfb0dcf3-8e59-8862-8d52-0319c84027dd",
  "outputs": {},
  "resources": [
    {
      "mode": "managed",
      "type": "azurerm_resource_group",
      "name": "rg",
      "provider": "provider[\"registry.terraform.io/hashicorp/azurerm\"]",
      "instances": [
        {
          "schema_version": 0,
          "attributes": {
            "id": "/subscriptions/8e0c8fec-1707-4416-8b7d-ecadfcba55c1/resourceGroups/rg-secureapp-project",
            "location": "southeastasia",
            "managed_by": "",
            "name": "rg-secureapp-project",
            "tags": {
              "owner": "Tran Huu Hieu",
              "project": "Secure Web App CI/CD"
            },
            "timeouts": null
          },
          "sensitive_attributes": [],
          "identity_schema_version": 0,
          "private": "eyJlMmJmYjczMC1lY2FhLTExZTYtOGY4OC0zNDM2M2JjN2M0YzAiOnsiY3JlYXRlIjo1NDAwMDAwMDAwMDAwLCJkZWxldGUiOjU0MDAwMDAwMDAwMDAsInJlYWQiOjMwMDAwMDAwMDAwMCwidXBkYXRlIjo1NDAwMDAwMDAwMDAwfX0="
        }
      ]
    }
  ],
  "check_results": null
}
